
Microsoft Visual Studio Solution File, Format Version 12.00
# Visual Studio 15
VisualStudioVersion = 15.0.28307.1433
MinimumVisualStudioVersion = 10.0.40219.1
Project("{FAE04EC0-301F-11D3-BF4B-00C04F79EFBC}") = "BlogSM", "BlogSM\BlogSM.csproj", "{026C9ADE-DE3A-4D1B-A1BE-9EB7CACAB211}"
EndProject
Global
	GlobalSection(SolutionConfigurationPlatforms) = preSolution
		Debug|Any CPU = Debug|Any CPU
		Release|Any CPU = Release|Any CPU
	EndGlobalSection
	GlobalSection(ProjectConfigurationPlatforms) = postSolution
		{026C9ADE-DE3A-4D1B-A1BE-9EB7CACAB211}.Debug|Any CPU.ActiveCfg = Debug|Any CPU
		{026C9ADE-DE3A-4D1B-A1BE-9EB7CACAB211}.Debug|Any CPU.Build.0 = Debug|Any CPU
		{026C9ADE-DE3A-4D1B-A1BE-9EB7CACAB211}.Release|Any CPU.ActiveCfg = Release|Any CPU
		{026C9ADE-DE3A-4D1B-A1BE-9EB7CACAB211}.Release|Any CPU.Build.0 = Release|Any CPU
	EndGlobalSection
	GlobalSection(SolutionProperties) = preSolution
		HideSolutionNode = FALSE
	EndGlobalSection
	GlobalSection(ExtensibilityGlobals) = postSolution
		SolutionGuid = {4F5A88C4-27A0-49AC-BBD6-806951E9C520}
	EndGlobalSection
EndGlobal
